# THIS IS AN AUTOGENERATED FILE. DO NOT EDIT THIS FILE DIRECTLY.
# yarn lockfile v1


"@openzeppelin/contracts@2.3":
  version "2.3.0"
  resolved "https://registry.yarnpkg.com/@openzeppelin/contracts/-/contracts-2.3.0.tgz#043961a6e37b87e0eb80647c7528a7c62c41361f"
  integrity sha512-lf8C3oULQAnsu3OTRP4tP5/ddfil6l65Lg3JQCwAIgc99vZ1jz5qeBoETGGGmczxt+bIyMI06WPP2apC74EZag==
